{
  "name": "sync",
  "version": "1.0.0",
  "lockfileVersion": 1,
  "requires": true,
  "dependencies": {
    "@elastic/elasticsearch": {
      "version": "7.11.0",
      "resolved": "https://registry.npmjs.org/@elastic/elasticsearch/-/elasticsearch-7.11.0.tgz",
      "integrity": "sha512-AFVVuANIdbV1qYjuOi4hnsX/DehWYG+bbhQO4amq9K4/NnzU7mpGWOPgVlRQTiX+vBfBkx7SL6h4QEjIlM3ztA==",
      "requires": {
        "debug": "^4.1.1",
        "hpagent": "^0.1.1",
        "ms": "^2.1.1",
        "pump": "^3.0.0",
        "secure-json-parse": "^2.1.0"
      }
    },
    "@types/lodash": {
      "version": "4.14.168",
      "resolved": "https://registry.npmjs.org/@types/lodash/-/lodash-4.14.168.tgz",
      "integrity": "sha512-oVfRvqHV/V6D1yifJbVRU3TMp8OT6o6BG+U9MkwuJ3U8/CsDHvalRpsxBqivn71ztOFZBTfJMvETbqHiaNSj7Q=="
    },
    "@types/node": {
      "version": "14.14.31",
      "resolved": "https://registry.npmjs.org/@types/node/-/node-14.14.31.tgz",
      "integrity": "sha512-vFHy/ezP5qI0rFgJ7aQnjDXwAMrG0KqqIH7tQG5PPv3BWBayOPIQNBjVc/P6hhdZfMx51REc6tfDNXHUio893g=="
    },
    "@types/node-cron": {
      "version": "2.0.3",
      "resolved": "https://registry.npmjs.org/@types/node-cron/-/node-cron-2.0.3.tgz",
      "integrity": "sha512-gwBBGeY2XeYBLE0R01K9Sm2hvNcPGmoloL6aqthA3QmBB1GYXTHIJ42AGZL7bdXBRiwbRV8b6NB5iKpl20R3gw==",
      "requires": {
        "@types/tz-offset": "*"
      }
    },
    "@types/tz-offset": {
      "version": "0.0.0",
      "resolved": "https://registry.npmjs.org/@types/tz-offset/-/tz-offset-0.0.0.tgz",
      "integrity": "sha512-XLD/llTSB6EBe3thkN+/I0L+yCTB6sjrcVovQdx2Cnl6N6bTzHmwe/J8mWnsXFgxLrj/emzdv8IR4evKYG2qxQ=="
    },
    "axios": {
      "version": "0.21.1",
      "resolved": "https://registry.npmjs.org/axios/-/axios-0.21.1.tgz",
      "integrity": "sha512-dKQiRHxGD9PPRIUNIWvZhPTPpl1rf/OxTYKsqKUDjBwYylTvV7SjSHJb9ratfyzM6wCdLCOYLzs73qpg5c4iGA==",
      "requires": {
        "follow-redirects": "^1.10.0"
      }
    },
    "debug": {
      "version": "4.3.1",
      "resolved": "https://registry.npmjs.org/debug/-/debug-4.3.1.tgz",
      "integrity": "sha512-doEwdvm4PCeK4K3RQN2ZC2BYUBaxwLARCqZmMjtF8a51J2Rb0xpVloFRnCODwqjpwnAoao4pelN8l3RJdv3gRQ==",
      "requires": {
        "ms": "2.1.2"
      },
      "dependencies": {
        "ms": {
          "version": "2.1.2",
          "resolved": "https://registry.npmjs.org/ms/-/ms-2.1.2.tgz",
          "integrity": "sha512-sGkPx+VjMtmA6MX27oA4FBFELFCZZ4S4XqeGOXCv68tT+jb3vk/RyaKWP0PTKyWtmLSM0b+adUTEvbs1PEaH2w=="
        }
      }
    },
    "dotenv": {
      "version": "8.2.0",
      "resolved": "https://registry.npmjs.org/dotenv/-/dotenv-8.2.0.tgz",
      "integrity": "sha512-8sJ78ElpbDJBHNeBzUbUVLsqKdccaa/BXF1uPTw3GrvQTBgrQrtObr2mUrE38vzYd8cEv+m/JBfDLioYcfXoaw=="
    },
    "end-of-stream": {
      "version": "1.4.4",
      "resolved": "https://registry.npmjs.org/end-of-stream/-/end-of-stream-1.4.4.tgz",
      "integrity": "sha512-+uw1inIHVPQoaVuHzRyXd21icM+cnt4CzD5rW+NC1wjOUSTOs+Te7FOv7AhN7vS9x/oIyhLP5PR1H+phQAHu5Q==",
      "requires": {
        "once": "^1.4.0"
      }
    },
    "follow-redirects": {
      "version": "1.13.2",
      "resolved": "https://registry.npmjs.org/follow-redirects/-/follow-redirects-1.13.2.tgz",
      "integrity": "sha512-6mPTgLxYm3r6Bkkg0vNM0HTjfGrOEtsfbhagQvbxDEsEkpNhw582upBaoRZylzen6krEmxXJgt9Ju6HiI4O7BA=="
    },
    "hpagent": {
      "version": "0.1.1",
      "resolved": "https://registry.npmjs.org/hpagent/-/hpagent-0.1.1.tgz",
      "integrity": "sha512-IxJWQiY0vmEjetHdoE9HZjD4Cx+mYTr25tR7JCxXaiI3QxW0YqYyM11KyZbHufoa/piWhMb2+D3FGpMgmA2cFQ=="
    },
    "lodash": {
      "version": "4.17.21",
      "resolved": "https://registry.npmjs.org/lodash/-/lodash-4.17.21.tgz",
      "integrity": "sha512-v2kDEe57lecTulaDIuNTPy3Ry4gLGJ6Z1O3vE1krgXZNrsQ+LFTGHVxVjcXPs17LhbZVGedAJv8XZ1tvj5FvSg=="
    },
    "ms": {
      "version": "2.1.3",
      "resolved": "https://registry.npmjs.org/ms/-/ms-2.1.3.tgz",
      "integrity": "sha512-6FlzubTLZG3J2a/NVCAleEhjzq5oxgHyaCU9yYXvcLsvoVaHJq/s5xXI6/XXP6tz7R9xAOtHnSO/tXtF3WRTlA=="
    },
    "node-cron": {
      "version": "2.0.3",
      "resolved": "https://registry.npmjs.org/node-cron/-/node-cron-2.0.3.tgz",
      "integrity": "sha512-eJI+QitXlwcgiZwNNSRbqsjeZMp5shyajMR81RZCqeW0ZDEj4zU9tpd4nTh/1JsBiKbF8d08FCewiipDmVIYjg==",
      "requires": {
        "opencollective-postinstall": "^2.0.0",
        "tz-offset": "0.0.1"
      }
    },
    "once": {
      "version": "1.4.0",
      "resolved": "https://registry.npmjs.org/once/-/once-1.4.0.tgz",
      "integrity": "sha1-WDsap3WWHUsROsF9nFC6753Xa9E=",
      "requires": {
        "wrappy": "1"
      }
    },
    "opencollective-postinstall": {
      "version": "2.0.3",
      "resolved": "https://registry.npmjs.org/opencollective-postinstall/-/opencollective-postinstall-2.0.3.tgz",
      "integrity": "sha512-8AV/sCtuzUeTo8gQK5qDZzARrulB3egtLzFgteqB2tcT4Mw7B8Kt7JcDHmltjz6FOAHsvTevk70gZEbhM4ZS9Q=="
    },
    "pump": {
      "version": "3.0.0",
      "resolved": "https://registry.npmjs.org/pump/-/pump-3.0.0.tgz",
      "integrity": "sha512-LwZy+p3SFs1Pytd/jYct4wpv49HiYCqd9Rlc5ZVdk0V+8Yzv6jR5Blk3TRmPL1ft69TxP0IMZGJ+WPFU2BFhww==",
      "requires": {
        "end-of-stream": "^1.1.0",
        "once": "^1.3.1"
      }
    },
    "secure-json-parse": {
      "version": "2.3.1",
      "resolved": "https://registry.npmjs.org/secure-json-parse/-/secure-json-parse-2.3.1.tgz",
      "integrity": "sha512-5uGhQLHSC9tVa7RGPkSwxbZVsJCZvIODOadAimCXkU1aCa1fWdszj2DktcutK8A7dD58PoRdxTYiy0jFl6qjnw=="
    },
    "typescript": {
      "version": "4.1.5",
      "resolved": "https://registry.npmjs.org/typescript/-/typescript-4.1.5.tgz",
      "integrity": "sha512-6OSu9PTIzmn9TCDiovULTnET6BgXtDYL4Gg4szY+cGsc3JP1dQL8qvE8kShTRx1NIw4Q9IBHlwODjkjWEtMUyA=="
    },
    "tz-offset": {
      "version": "0.0.1",
      "resolved": "https://registry.npmjs.org/tz-offset/-/tz-offset-0.0.1.tgz",
      "integrity": "sha512-kMBmblijHJXyOpKzgDhKx9INYU4u4E1RPMB0HqmKSgWG8vEcf3exEfLh4FFfzd3xdQOw9EuIy/cP0akY6rHopQ=="
    },
    "url-slug": {
      "version": "3.0.1",
      "resolved": "https://registry.npmjs.org/url-slug/-/url-slug-3.0.1.tgz",
      "integrity": "sha512-8zxCgV7G0biwS3CoDSTwLatF75W4ZWyIsoLbgLkSTo2ygpDjsD8/f33zB9Leh/raXe1/yo2tW7mJD0n7kxMAFA=="
    },
    "wrappy": {
      "version": "1.0.2",
      "resolved": "https://registry.npmjs.org/wrappy/-/wrappy-1.0.2.tgz",
      "integrity": "sha1-tSQ9jz7BqjXxNkYFvA0QNuMKtp8="
    }
  }
}
